// !$*UTF8*$!
{
	archiveVersion = 1;
	classes = {
	};
	objectVersion = 50;
	objects = {

/* Begin PBXBuildFile section */
		4CA27653212F679A009F9332 /* main.m in Sources */ = {isa = PBXBuildFile; fileRef = 4CA27652212F679A009F9332 /* main.m */; };
		4CA2765B212F6961009F9332 /* TYPerson.m in Sources */ = {isa = PBXBuildFile; fileRef = 4CA2765A212F6961009F9332 /* TYPerson.m */; };
		4CA2765E212F6984009F9332 /* TYPerson+Test1.m in Sources */ = {isa = PBXBuildFile; fileRef = 4CA2765D212F6984009F9332 /* TYPerson+Test1.m */; };
		4CA27661212F698B009F9332 /* TYPerson+Test2.m in Sources */ = {isa = PBXBuildFile; fileRef = 4CA27660212F698B009F9332 /* TYPerson+Test2.m */; };
		4CA27664212F6E3E009F9332 /* TYStudent.m in Sources */ = {isa = PBXBuildFile; fileRef = 4CA27663212F6E3E009F9332 /* TYStudent.m */; };
		4CA27667212F6E4D009F9332 /* TYStudent+Test1.m in Sources */ = {isa = PBXBuildFile; fileRef = 4CA27666212F6E4D009F9332 /* TYStudent+Test1.m */; };
		4CA2766A212F6E53009F9332 /* TYStudent+Test2.m in Sources */ = {isa = PBXBuildFile; fileRef = 4CA27669212F6E53009F9332 /* TYStudent+Test2.m */; };
		4CA27670213143EA009F9332 /* TYZhangSan.m in Sources */ = {isa = PBXBuildFile; fileRef = 4CA2766F213143EA009F9332 /* TYZhangSan.m */; };
		4CA27673213143F5009F9332 /* TYZhangSan+Test1.m in Sources */ = {isa = PBXBuildFile; fileRef = 4CA27672213143F5009F9332 /* TYZhangSan+Test1.m */; };
		4CA27676213143FC009F9332 /* TYZhangSan+Test2.m in Sources */ = {isa = PBXBuildFile; fileRef = 4CA27675213143FC009F9332 /* TYZhangSan+Test2.m */; };
/* End PBXBuildFile section */

/* Begin PBXCopyFilesBuildPhase section */
		4CA2764D212F679A009F9332 /* CopyFiles */ = {
			isa = PBXCopyFilesBuildPhase;
			buildActionMask = 2147483647;
			dstPath = /usr/share/man/man1/;
			dstSubfolderSpec = 0;
			files = (
			);
			runOnlyForDeploymentPostprocessing = 1;
		};
/* End PBXCopyFilesBuildPhase section */

/* Begin PBXFileReference section */
		4CA2764F212F679A009F9332 /* initialize */ = {isa = PBXFileReference; explicitFileType = "compiled.mach-o.executable"; includeInIndex = 0; path = initialize; sourceTree = BUILT_PRODUCTS_DIR; };
		4CA27652212F679A009F9332 /* main.m */ = {isa = PBXFileReference; lastKnownFileType = sourcecode.c.objc; path = main.m; sourceTree = "<group>"; };
		4CA27659212F6961009F9332 /* TYPerson.h */ = {isa = PBXFileReference; lastKnownFileType = sourcecode.c.h; path = TYPerson.h; sourceTree = "<group>"; };
		4CA2765A212F6961009F9332 /* TYPerson.m */ = {isa = PBXFileReference; lastKnownFileType = sourcecode.c.objc; path = TYPerson.m; sourceTree = "<group>"; };
		4CA2765C212F6984009F9332 /* TYPerson+Test1.h */ = {isa = PBXFileReference; lastKnownFileType = sourcecode.c.h; path = "TYPerson+Test1.h"; sourceTree = "<group>"; };
		4CA2765D212F6984009F9332 /* TYPerson+Test1.m */ = {isa = PBXFileReference; lastKnownFileType = sourcecode.c.objc; path = "TYPerson+Test1.m"; sourceTree = "<group>"; };
		4CA2765F212F698B009F9332 /* TYPerson+Test2.h */ = {isa = PBXFileReference; lastKnownFileType = sourcecode.c.h; path = "TYPerson+Test2.h"; sourceTree = "<group>"; };
		4CA27660212F698B009F9332 /* TYPerson+Test2.m */ = {isa = PBXFileReference; lastKnownFileType = sourcecode.c.objc; path = "TYPerson+Test2.m"; sourceTree = "<group>"; };
		4CA27662212F6E3E009F9332 /* TYStudent.h */ = {isa = PBXFileReference; lastKnownFileType = sourcecode.c.h; path = TYStudent.h; sourceTree = "<group>"; };
		4CA27663212F6E3E009F9332 /* TYStudent.m */ = {isa = PBXFileReference; lastKnownFileType = sourcecode.c.objc; path = TYStudent.m; sourceTree = "<group>"; };
		4CA27665212F6E4D009F9332 /* TYStudent+Test1.h */ = {isa = PBXFileReference; lastKnownFileType = sourcecode.c.h; path = "TYStudent+Test1.h"; sourceTree = "<group>"; };
		4CA27666212F6E4D009F9332 /* TYStudent+Test1.m */ = {isa = PBXFileReference; lastKnownFileType = sourcecode.c.objc; path = "TYStudent+Test1.m"; sourceTree = "<group>"; };
		4CA27668212F6E53009F9332 /* TYStudent+Test2.h */ = {isa = PBXFileReference; lastKnownFileType = sourcecode.c.h; path = "TYStudent+Test2.h"; sourceTree = "<group>"; };
		4CA27669212F6E53009F9332 /* TYStudent+Test2.m */ = {isa = PBXFileReference; lastKnownFileType = sourcecode.c.objc; path = "TYStudent+Test2.m"; sourceTree = "<group>"; };
		4CA2766E213143EA009F9332 /* TYZhangSan.h */ = {isa = PBXFileReference; lastKnownFileType = sourcecode.c.h; path = TYZhangSan.h; sourceTree = "<group>"; };
		4CA2766F213143EA009F9332 /* TYZhangSan.m */ = {isa = PBXFileReference; lastKnownFileType = sourcecode.c.objc; path = TYZhangSan.m; sourceTree = "<group>"; };
		4CA27671213143F5009F9332 /* TYZhangSan+Test1.h */ = {isa = PBXFileReference; lastKnownFileType = sourcecode.c.h; path = "TYZhangSan+Test1.h"; sourceTree = "<group>"; };
		4CA27672213143F5009F9332 /* TYZhangSan+Test1.m */ = {isa = PBXFileReference; lastKnownFileType = sourcecode.c.objc; path = "TYZhangSan+Test1.m"; sourceTree = "<group>"; };
		4CA27674213143FC009F9332 /* TYZhangSan+Test2.h */ = {isa = PBXFileReference; lastKnownFileType = sourcecode.c.h; path = "TYZhangSan+Test2.h"; sourceTree = "<group>"; };
		4CA27675213143FC009F9332 /* TYZhangSan+Test2.m */ = {isa = PBXFileReference; lastKnownFileType = sourcecode.c.objc; path = "TYZhangSan+Test2.m"; sourceTree = "<group>"; };
/* End PBXFileReference section */

/* Begin PBXFrameworksBuildPhase section */
		4CA2764C212F679A009F9332 /* Frameworks */ = {
			isa = PBXFrameworksBuildPhase;
			buildActionMask = 2147483647;
			files = (
			);
			runOnlyForDeploymentPostprocessing = 0;
		};
/* End PBXFrameworksBuildPhase section */

/* Begin PBXGroup section */
		4CA27646212F679A009F9332 = {
			isa = PBXGroup;
			children = (
				4CA27651212F679A009F9332 /* initialize */,
				4CA27650212F679A009F9332 /* Products */,
			);
			sourceTree = "<group>";
		};
		4CA27650212F679A009F9332 /* Products */ = {
			isa = PBXGroup;
			children = (
				4CA2764F212F679A009F9332 /* initialize */,
			);
			name = Products;
			sourceTree = "<group>";
		};
		4CA27651212F679A009F9332 /* initialize */ = {
			isa = PBXGroup;
			children = (
				4CA27652212F679A009F9332 /* main.m */,
				4CA27659212F6961009F9332 /* TYPerson.h */,
				4CA2765A212F6961009F9332 /* TYPerson.m */,
				4CA2765C212F6984009F9332 /* TYPerson+Test1.h */,
				4CA2765D212F6984009F9332 /* TYPerson+Test1.m */,
				4CA2765F212F698B009F9332 /* TYPerson+Test2.h */,
				4CA27660212F698B009F9332 /* TYPerson+Test2.m */,
				4CA27662212F6E3E009F9332 /* TYStudent.h */,
				4CA27663212F6E3E009F9332 /* TYStudent.m */,
				4CA27665212F6E4D009F9332 /* TYStudent+Test1.h */,
				4CA27666212F6E4D009F9332 /* TYStudent+Test1.m */,
				4CA27668212F6E53009F9332 /* TYStudent+Test2.h */,
				4CA27669212F6E53009F9332 /* TYStudent+Test2.m */,
				4CA2766E213143EA009F9332 /* TYZhangSan.h */,
				4CA2766F213143EA009F9332 /* TYZhangSan.m */,
				4CA27671213143F5009F9332 /* TYZhangSan+Test1.h */,
				4CA27672213143F5009F9332 /* TYZhangSan+Test1.m */,
				4CA27674213143FC009F9332 /* TYZhangSan+Test2.h */,
				4CA27675213143FC009F9332 /* TYZhangSan+Test2.m */,
			);
			path = initialize;
			sourceTree = "<group>";
		};
/* End PBXGroup section */

/* Begin PBXNativeTarget section */
		4CA2764E212F679A009F9332 /* initialize */ = {
			isa = PBXNativeTarget;
			buildConfigurationList = 4CA27656212F679A009F9332 /* Build configuration list for PBXNativeTarget "initialize" */;
			buildPhases = (
				4CA2764B212F679A009F9332 /* Sources */,
				4CA2764C212F679A009F9332 /* Frameworks */,
				4CA2764D212F679A009F9332 /* CopyFiles */,
			);
			buildRules = (
			);
			dependencies = (
			);
			name = initialize;
			productName = initialize;
			productReference = 4CA2764F212F679A009F9332 /* initialize */;
			productType = "com.apple.product-type.tool";
		};
/* End PBXNativeTarget section */

/* Begin PBXProject section */
		4CA27647212F679A009F9332 /* Project object */ = {
			isa = PBXProject;
			attributes = {
				LastUpgradeCheck = 0940;
				ORGANIZATIONNAME = Maty;
				TargetAttributes = {
					4CA2764E212F679A009F9332 = {
						CreatedOnToolsVersion = 9.4.1;
					};
				};
			};
			buildConfigurationList = 4CA2764A212F679A009F9332 /* Build configuration list for PBXProject "initialize" */;
			compatibilityVersion = "Xcode 9.3";
			developmentRegion = en;
			hasScannedForEncodings = 0;
			knownRegions = (
				en,
			);
			mainGroup = 4CA27646212F679A009F9332;
			productRefGroup = 4CA27650212F679A009F9332 /* Products */;
			projectDirPath = "";
			projectRoot = "";
			targets = (
				4CA2764E212F679A009F9332 /* initialize */,
			);
		};
/* End PBXProject section */

/* Begin PBXSourcesBuildPhase section */
		4CA2764B212F679A009F9332 /* Sources */ = {
			isa = PBXSourcesBuildPhase;
			buildActionMask = 2147483647;
			files = (
				4CA27667212F6E4D009F9332 /* TYStudent+Test1.m in Sources */,
				4CA27664212F6E3E009F9332 /* TYStudent.m in Sources */,
				4CA27661212F698B009F9332 /* TYPerson+Test2.m in Sources */,
				4CA27653212F679A009F9332 /* main.m in Sources */,
				4CA2765B212F6961009F9332 /* TYPerson.m in Sources */,
				4CA2765E212F6984009F9332 /* TYPerson+Test1.m in Sources */,
				4CA27673213143F5009F9332 /* TYZhangSan+Test1.m in Sources */,
				4CA27670213143EA009F9332 /* TYZhangSan.m in Sources */,
				4CA2766A212F6E53009F9332 /* TYStudent+Test2.m in Sources */,
				4CA27676213143FC009F9332 /* TYZhangSan+Test2.m in Sources */,
			);
			runOnlyForDeploymentPostprocessing = 0;
		};
/* End PBXSourcesBuildPhase section */

/* Begin XCBuildConfiguration section */
		4CA27654212F679A009F9332 /* Debug */ = {
			isa = XCBuildConfiguration;
			buildSettings = {
				ALWAYS_SEARCH_USER_PATHS = NO;
				CLANG_ANALYZER_NONNULL = YES;
				CLANG_ANALYZER_NUMBER_OBJECT_CONVERSION = YES_AGGRESSIVE;
				CLANG_CXX_LANGUAGE_STANDARD = "gnu++14";
				CLANG_CXX_LIBRARY = "libc++";
				CLANG_ENABLE_MODULES = YES;
				CLANG_ENABLE_OBJC_ARC = YES;
				CLANG_ENABLE_OBJC_WEAK = YES;
				CLANG_WARN_BLOCK_CAPTURE_AUTORELEASING = YES;
				CLANG_WARN_BOOL_CONVERSION = YES;
				CLANG_WARN_COMMA = YES;
				CLANG_WARN_CONSTANT_CONVERSION = YES;
				CLANG_WARN_DEPRECATED_OBJC_IMPLEMENTATIONS = YES;
				CLANG_WARN_DIRECT_OBJC_ISA_USAGE = YES_ERROR;
				CLANG_WARN_DOCUMENTATION_COMMENTS = YES;
				CLANG_WARN_EMPTY_BODY = YES;
				CLANG_WARN_ENUM_CONVERSION = YES;
				CLANG_WARN_INFINITE_RECURSION = YES;
				CLANG_WARN_INT_CONVERSION = YES;
				CLANG_WARN_NON_LITERAL_NULL_CONVERSION = YES;
				CLANG_WARN_OBJC_IMPLICIT_RETAIN_SELF = YES;
				CLANG_WARN_OBJC_LITERAL_CONVERSION = YES;
				CLANG_WARN_OBJC_ROOT_CLASS = YES_ERROR;
				CLANG_WARN_RANGE_LOOP_ANALYSIS = YES;
				CLANG_WARN_STRICT_PROTOTYPES = YES;
				CLANG_WARN_SUSPICIOUS_MOVE = YES;
				CLANG_WARN_UNGUARDED_AVAILABILITY = YES_AGGRESSIVE;
				CLANG_WARN_UNREACHABLE_CODE = YES;
				CLANG_WARN__DUPLICATE_METHOD_MATCH = YES;
				CODE_SIGN_IDENTITY = "Mac Developer";
				COPY_PHASE_STRIP = NO;
				DEBUG_INFORMATION_FORMAT = dwarf;
				ENABLE_STRICT_OBJC_MSGSEND = YES;
				ENABLE_TESTABILITY = YES;
				GCC_C_LANGUAGE_STANDARD = gnu11;
				GCC_DYNAMIC_NO_PIC = NO;
				GCC_NO_COMMON_BLOCKS = YES;
				GCC_OPTIMIZATION_LEVEL = 0;
				GCC_PREPROCESSOR_DEFINITIONS = (
					"DEBUG=1",
					"$(inherited)",
				);
				GCC_WARN_64_TO_32_BIT_CONVERSION = YES;
				GCC_WARN_ABOUT_RETURN_TYPE = YES_ERROR;
				GCC_WARN_UNDECLARED_SELECTOR = YES;
				GCC_WARN_UNINITIALIZED_AUTOS = YES_AGGRESSIVE;
				GCC_WARN_UNUSED_FUNCTION = YES;
				GCC_WARN_UNUSED_VARIABLE = YES;
				MACOSX_DEPLOYMENT_TARGET = 10.13;
				MTL_ENABLE_DEBUG_INFO = YES;
				ONLY_ACTIVE_ARCH = YES;
				SDKROOT = macosx;
			};
			name = Debug;
		};
		4CA27655212F679A009F9332 /* Release */ = {
			isa = XCBuildConfiguration;
			buildSettings = {
				ALWAYS_SEARCH_USER_PATHS = NO;
				CLANG_ANALYZER_NONNULL = YES;
				CLANG_ANALYZER_NUMBER_OBJECT_CONVERSION = YES_AGGRESSIVE;
				CLANG_CXX_LANGUAGE_STANDARD = "gnu++14";
				CLANG_CXX_LIBRARY = "libc++";
				CLANG_ENABLE_MODULES = YES;
				CLANG_ENABLE_OBJC_ARC = YES;
				CLANG_ENABLE_OBJC_WEAK = YES;
				CLANG_WARN_BLOCK_CAPTURE_AUTORELEASING = YES;
				CLANG_WARN_BOOL_CONVERSION = YES;
				CLANG_WARN_COMMA = YES;
				CLANG_WARN_CONSTANT_CONVERSION = YES;
				CLANG_WARN_DEPRECATED_OBJC_IMPLEMENTATIONS = YES;
				CLANG_WARN_DIRECT_OBJC_ISA_USAGE = YES_ERROR;
				CLANG_WARN_DOCUMENTATION_COMMENTS = YES;
				CLANG_WARN_EMPTY_BODY = YES;
				CLANG_WARN_ENUM_CONVERSION = YES;
				CLANG_WARN_INFINITE_RECURSION = YES;
				CLANG_WARN_INT_CONVERSION = YES;
				CLANG_WARN_NON_LITERAL_NULL_CONVERSION = YES;
				CLANG_WARN_OBJC_IMPLICIT_RETAIN_SELF = YES;
				CLANG_WARN_OBJC_LITERAL_CONVERSION = YES;
				CLANG_WARN_OBJC_ROOT_CLASS = YES_ERROR;
				CLANG_WARN_RANGE_LOOP_ANALYSIS = YES;
				CLANG_WARN_STRICT_PROTOTYPES = YES;
				CLANG_WARN_SUSPICIOUS_MOVE = YES;
				CLANG_WARN_UNGUARDED_AVAILABILITY = YES_AGGRESSIVE;
				CLANG_WARN_UNREACHABLE_CODE = YES;
				CLANG_WARN__DUPLICATE_METHOD_MATCH = YES;
				CODE_SIGN_IDENTITY = "Mac Developer";
				COPY_PHASE_STRIP = NO;
				DEBUG_INFORMATION_FORMAT = "dwarf-with-dsym";
				ENABLE_NS_ASSERTIONS = NO;
				ENABLE_STRICT_OBJC_MSGSEND = YES;
				GCC_C_LANGUAGE_STANDARD = gnu11;
				GCC_NO_COMMON_BLOCKS = YES;
				GCC_WARN_64_TO_32_BIT_CONVERSION = YES;
				GCC_WARN_ABOUT_RETURN_TYPE = YES_ERROR;
				GCC_WARN_UNDECLARED_SELECTOR = YES;
				GCC_WARN_UNINITIALIZED_AUTOS = YES_AGGRESSIVE;
				GCC_WARN_UNUSED_FUNCTION = YES;
				GCC_WARN_UNUSED_VARIABLE = YES;
				MACOSX_DEPLOYMENT_TARGET = 10.13;
				MTL_ENABLE_DEBUG_INFO = NO;
				SDKROOT = macosx;
			};
			name = Release;
		};
		4CA27657212F679A009F9332 /* Debug */ = {
			isa = XCBuildConfiguration;
			buildSettings = {
				CODE_SIGN_STYLE = Automatic;
				DEVELOPMENT_TEAM = JJGBDF7PM8;
				PRODUCT_NAME = "$(TARGET_NAME)";
			};
			name = Debug;
		};
		4CA27658212F679A009F9332 /* Release */ = {
			isa = XCBuildConfiguration;
			buildSettings = {
				CODE_SIGN_STYLE = Automatic;
				DEVELOPMENT_TEAM = JJGBDF7PM8;
				PRODUCT_NAME = "$(TARGET_NAME)";
			};
			name = Release;
		};
/* End XCBuildConfiguration section */

/* Begin XCConfigurationList section */
		4CA2764A212F679A009F9332 /* Build configuration list for PBXProject "initialize" */ = {
			isa = XCConfigurationList;
			buildConfigurations = (
				4CA27654212F679A009F9332 /* Debug */,
				4CA27655212F679A009F9332 /* Release */,
			);
			defaultConfigurationIsVisible = 0;
			defaultConfigurationName = Release;
		};
		4CA27656212F679A009F9332 /* Build configuration list for PBXNativeTarget "initialize" */ = {
			isa = XCConfigurationList;
			buildConfigurations = (
				4CA27657212F679A009F9332 /* Debug */,
				4CA27658212F679A009F9332 /* Release */,
			);
			defaultConfigurationIsVisible = 0;
			defaultConfigurationName = Release;
		};
/* End XCConfigurationList section */
	};
	rootObject = 4CA27647212F679A009F9332 /* Project object */;
}
